{"is_source_file": false, "format": null, "description": "", "external_files": [], "external_methods": [], "published": [], "classes": [], "methods": [], "calls": [], "search-terms": [], "state": 2, "file_id": 8, "knowledge_revision": 27, "git_revision": "a2bc1e3b8a452f6e942739d3e91de2821bd1aacd", "filename": "/tmp/kavia/workspace/code-generation/taskease-125898-807968c6/taskease/post_process_status.lock", "hash": "9c4ed7ef73e22b872b8055bec08b8979", "format-version": 4, "code-base-name": "default", "revision_history": [{"27": "a2bc1e3b8a452f6e942739d3e91de2821bd1aacd"}]}